
Microsoft Visual Studio Solution File, Format Version 12.00
# Visual Studio 2013
VisualStudioVersion = 12.0.40629.0
MinimumVisualStudioVersion = 10.0.40219.1
Project("{FAE04EC0-301F-11D3-BF4B-00C04F79EFBC}") = "Geta.EPi.Commerce.Payments.Klarna.Checkout", "Geta.EPi.Commerce.Payments.Klarna.Checkout\Geta.EPi.Commerce.Payments.Klarna.Checkout.csproj", "{7D787247-BD74-465F-B4B9-7846608D5A40}"
EndProject
Project("{FAE04EC0-301F-11D3-BF4B-00C04F79EFBC}") = "Geta.Klarna.Checkout", "Geta.Klarna.Checkout\Geta.Klarna.Checkout.csproj", "{712C1D24-15C2-42BD-B74A-FD037AA5846A}"
EndProject
Project("{FAE04EC0-301F-11D3-BF4B-00C04F79EFBC}") = "Tests.Integration", "Tests.Integration\Tests.Integration.csproj", "{7F5E26CB-3F71-4CA9-89AA-3BF2E844472F}"
EndProject
Global
	GlobalSection(SolutionConfigurationPlatforms) = preSolution
		Debug|Any CPU = Debug|Any CPU
		Release|Any CPU = Release|Any CPU
	EndGlobalSection
	GlobalSection(ProjectConfigurationPlatforms) = postSolution
		{7D787247-BD74-465F-B4B9-7846608D5A40}.Debug|Any CPU.ActiveCfg = Debug|Any CPU
		{7D787247-BD74-465F-B4B9-7846608D5A40}.Debug|Any CPU.Build.0 = Debug|Any CPU
		{7D787247-BD74-465F-B4B9-7846608D5A40}.Release|Any CPU.ActiveCfg = Release|Any CPU
		{7D787247-BD74-465F-B4B9-7846608D5A40}.Release|Any CPU.Build.0 = Release|Any CPU
		{712C1D24-15C2-42BD-B74A-FD037AA5846A}.Debug|Any CPU.ActiveCfg = Debug|Any CPU
		{712C1D24-15C2-42BD-B74A-FD037AA5846A}.Debug|Any CPU.Build.0 = Debug|Any CPU
		{712C1D24-15C2-42BD-B74A-FD037AA5846A}.Release|Any CPU.ActiveCfg = Release|Any CPU
		{712C1D24-15C2-42BD-B74A-FD037AA5846A}.Release|Any CPU.Build.0 = Release|Any CPU
		{7F5E26CB-3F71-4CA9-89AA-3BF2E844472F}.Debug|Any CPU.ActiveCfg = Debug|Any CPU
		{7F5E26CB-3F71-4CA9-89AA-3BF2E844472F}.Debug|Any CPU.Build.0 = Debug|Any CPU
		{7F5E26CB-3F71-4CA9-89AA-3BF2E844472F}.Release|Any CPU.ActiveCfg = Release|Any CPU
		{7F5E26CB-3F71-4CA9-89AA-3BF2E844472F}.Release|Any CPU.Build.0 = Release|Any CPU
	EndGlobalSection
	GlobalSection(SolutionProperties) = preSolution
		HideSolutionNode = FALSE
	EndGlobalSection
EndGlobal
